{
  "nodes": {
    "nixpkgs": {
      "locked": {
        "lastModified": 1770197578,
        "narHash": "sha256-AYqlWrX09+HvGs8zM6ebZ1pwUqjkfpnv8mewYwAo+iM=",
        "owner": "NixOS",
        "repo": "nixpkgs",
        "rev": "00c21e4c93d963c50d4c0c89bfa84ed6e0694df2",
        "type": "github"
      },
      "original": {
        "owner": "NixOS",
        "ref": "nixos-unstable",
        "repo": "nixpkgs",
        "type": "github"
      }
    },
    "nixpkgs-claude": {
      "locked": {
        "lastModified": 1770362061,
        "narHash": "sha256-vXPVH8vUM6miEyZtVESPYin9Jmq+7YQK/m/6RGsyxkE=",
        "owner": "NixOS",
        "repo": "nixpkgs",
        "rev": "e0eaf9d78f39b1ea7f4cca30e6e47ac4fc13a24f",
        "type": "github"
      },
      "original": {
        "owner": "NixOS",
        "repo": "nixpkgs",
        "rev": "e0eaf9d78f39b1ea7f4cca30e6e47ac4fc13a24f",
        "type": "github"
      }
    },
    "root": {
      "inputs": {
        "nixpkgs": "nixpkgs",
        "nixpkgs-claude": "nixpkgs-claude",
        "sops-nix": "sops-nix"
      }
    },
    "sops-nix": {
      "inputs": {
        "nixpkgs": [
          "nixpkgs"
        ]
      },
      "locked": {
        "lastModified": 1770526836,
        "narHash": "sha256-xbvX5Ik+0inJcLJtJ/AajAt7xCk6FOCrm5ogpwwvVDg=",
        "owner": "Mic92",
        "repo": "sops-nix",
        "rev": "d6e0e666048a5395d6ea4283143b7c9ac704720d",
        "type": "github"
      },
      "original": {
        "owner": "Mic92",
        "repo": "sops-nix",
        "type": "github"
      }
    }
  },
  "root": "root",
  "version": 7
}
